{
  "name": "example-typescript-nyc-mocha-coverage",
  "version": "1.0.0",
  "lockfileVersion": 1,
  "requires": true,
  "dependencies": {
    "@istanbuljs/nyc-config-typescript": {
      "version": "0.1.3",
      "resolved": "https://registry.npmjs.org/@istanbuljs/nyc-config-typescript/-/nyc-config-typescript-0.1.3.tgz",
      "integrity": "sha512-EzRFg92bRSD1W/zeuNkeGwph0nkWf+pP2l/lYW4/5hav7RjKKBN5kV1Ix7Tvi0CMu3pC4Wi/U7rNisiJMR3ORg==",
      "dev": true
    },
    "@types/chai": {
      "version": "4.1.7",
      "resolved": "https://registry.npmjs.org/@types/chai/-/chai-4.1.7.tgz",
      "integrity": "sha512-2Y8uPt0/jwjhQ6EiluT0XCri1Dbplr0ZxfFXUz+ye13gaqE8u5gL5ppao1JrUYr9cIip5S6MvQzBS7Kke7U9VA==",
      "dev": true
    },
    "@types/istanbul": {
      "version": "0.4.30",
      "resolved": "https://registry.npmjs.org/@types/istanbul/-/istanbul-0.4.30.tgz",
      "integrity": "sha512-+hQU4fh2G96ze78uI5/V6+SRDZD1UnVrFn23i2eDetwfbBq3s0/zYP92xj/3qyvVMM3WnvS88N56zjz+HmL04A==",
      "dev": true
    },
    "@types/istanbul-lib-instrument": {
      "version": "1.7.3",
      "resolved": "https://registry.npmjs.org/@types/istanbul-lib-instrument/-/istanbul-lib-instrument-1.7.3.tgz",
      "integrity": "sha512-bnWCOhyg4h/wAb0D2pwcD2e6JtK4Oh/7+gOgAS6bYi2hDn9jb7X08Afe2CbtzZQN6U0AnMpA91IPgw10HGgTpw=="
    },
    "@types/istanbul-middleware": {
      "version": "0.0.6",
      "resolved": "https://registry.npmjs.org/@types/istanbul-middleware/-/istanbul-middleware-0.0.6.tgz",
      "integrity": "sha512-/U+alGiDDTX3pOklenlZfnvsyMp9vlS+DWjF1RlvD8C6Bf1cOpjKj3mbOE8pH6v74y8wfxc3EhzAiRqFZnyKxg=="
    },
    "@types/mocha": {
      "version": "2.2.48",
      "resolved": "https://registry.npmjs.org/@types/mocha/-/mocha-2.2.48.tgz",
      "integrity": "sha512-nlK/iyETgafGli8Zh9zJVCTicvU3iajSkRwOh3Hhiva598CMqNJ4NcVCGMTGKpGpTYj/9R8RLzS9NAykSSCqGw==",
      "dev": true
    },
    "chai": {
      "version": "3.5.0",
      "resolved": "https://registry.npmjs.org/chai/-/chai-3.5.0.tgz",
      "integrity": "sha1-TQJjewZ/6Vi9v906QOxW/vc3Mkc=",
      "dev": true
    },
    "istanbul": {
      "version": "0.4.5",
      "resolved": "https://registry.npmjs.org/istanbul/-/istanbul-0.4.5.tgz",
      "integrity": "sha1-ZcfXPUxNqE1POsMQuRj7C4Azczs=",
      "dependencies": {
        "escodegen": {
          "version": "1.8.1",
          "resolved": "https://registry.npmjs.org/escodegen/-/escodegen-1.8.1.tgz",
          "integrity": "sha1-WltTr0aTEQvrsIZ6o0MN07cKEBg="
        },
        "esprima": {
          "version": "2.7.3",
          "resolved": "https://registry.npmjs.org/esprima/-/esprima-2.7.3.tgz",
          "integrity": "sha1-luO3DVd59q1JzQMmc9HDEnZ7pYE="
        },
        "estraverse": {
          "version": "1.9.3",
          "resolved": "https://registry.npmjs.org/estraverse/-/estraverse-1.9.3.tgz",
          "integrity": "sha1-r2fy3JIlgkFZUJJgkaQAXSnJu0Q="
        },
        "glob": {
          "version": "5.0.15",
          "resolved": "https://registry.npmjs.org/glob/-/glob-5.0.15.tgz",
          "integrity": "sha1-G8k2ueAvSmA/zCIuz3Yz0wuLk7E="
        },
        "has-flag": {
          "version": "1.0.0",
          "resolved": "https://registry.npmjs.org/has-flag/-/has-flag-1.0.0.tgz",
          "integrity": "sha1-nZ55MWXOAXoA8AQYxD+UKnsdEfo="
        },
        "resolve": {
          "version": "1.1.7",
          "resolved": "https://registry.npmjs.org/resolve/-/resolve-1.1.7.tgz",
          "integrity": "sha1-IDEU2CrSxe2ejgQRs5ModeiJ6Xs="
        },
        "source-map": {
          "version": "0.2.0",
          "resolved": "https://registry.npmjs.org/source-map/-/source-map-0.2.0.tgz",
          "integrity": "sha1-2rc/vPwrqBm03gO9b26qSBZLP50="
        },
        "supports-color": {
          "version": "3.2.3",
          "resolved": "https://registry.npmjs.org/supports-color/-/supports-color-3.2.3.tgz",
          "integrity": "sha1-ZawFBLOVQXHYpklGsq48u4pfVPY="
        }
      }
    },
    "istanbul-lib-instrument": {
      "version": "4.0.1",
      "resolved": "https://registry.npmjs.org/istanbul-lib-instrument/-/istanbul-lib-instrument-4.0.1.tgz",
      "integrity": "sha512-imIchxnodll7pvQBYOqUu88EufLCU56LMeFPZZM/fJZ1irYcYdqroaV+ACK1Ila8ls09iEYArp+nqyC6lW1Vfg==",
      "dependencies": {
        "@babel/code-frame": {
          "version": "7.8.3",
          "resolved": "https://registry.npmjs.org/@babel/code-frame/-/code-frame-7.8.3.tgz",
          "integrity": "sha512-a9gxpmdXtZEInkCSHUJDLHZVBgb1QS0jhss4cPP93EW7s+uC5bikET2twEF3KV+7rDblJcmNvTR7VJejqd2C2g=="
        },
        "@babel/generator": {
          "version": "7.8.4",
          "resolved": "https://registry.npmjs.org/@babel/generator/-/generator-7.8.4.tgz",
          "integrity": "sha512-PwhclGdRpNAf3IxZb0YVuITPZmmrXz9zf6fH8lT4XbrmfQKr6ryBzhv593P5C6poJRciFCL/eHGW2NuGrgEyxA=="
        },
        "@babel/helper-function-name": {
          "version": "7.8.3",
          "resolved": "https://registry.npmjs.org/@babel/helper-function-name/-/helper-function-name-7.8.3.tgz",
          "integrity": "sha512-BCxgX1BC2hD/oBlIFUgOCQDOPV8nSINxCwM3o93xP4P9Fq6aV5sgv2cOOITDMtCfQ+3PvHp3l689XZvAM9QyOA=="
        },
        "@babel/helper-get-function-arity": {
          "version": "7.8.3",
          "resolved": "https://registry.npmjs.org/@babel/helper-get-function-arity/-/helper-get-function-arity-7.8.3.tgz",
          "integrity": "sha512-FVDR+Gd9iLjUMY1fzE2SR0IuaJToR4RkCDARVfsBBPSP53GEqSFjD8gNyxg246VUyc/ALRxFaAK8rVG7UT7xRA=="
        },
        "@babel/helper-split-export-declaration": {
          "version": "7.8.3",
          "resolved": "https://registry.npmjs.org/@babel/helper-split-export-declaration/-/helper-split-export-declaration-7.8.3.tgz",
          "integrity": "sha512-3x3yOeyBhW851hroze7ElzdkeRXQYQbFIb7gLK1WQYsw2GWDay5gAJNw1sWJ0VFP6z5J1whqeXH/WCdCjZv6dA=="
        },
        "@babel/highlight": {
          "version": "7.8.3",
          "resolved": "https://registry.npmjs.org/@babel/highlight/-/highlight-7.8.3.tgz",
          "integrity": "sha512-PX4y5xQUvy0fnEVHrYOarRPXVWafSjTW9T0Hab8gVIawpl2Sj0ORyrygANq+KjcNlSSTw0YCLSNA8OyZ1I4yEg=="
        },
        "@babel/parser": {
          "version": "7.8.4",
          "resolved": "https://registry.npmjs.org/@babel/parser/-/parser-7.8.4.tgz",
          "integrity": "sha512-0fKu/QqildpXmPVaRBoXOlyBb3MC+J0A66x97qEfLOMkn3u6nfY5esWogQwi/K0BjASYy4DbnsEWnpNL6qT5Mw=="
        },
        "@babel/template": {
          "version": "7.8.3",
          "resolved": "https://registry.npmjs.org/@babel/template/-/template-7.8.3.tgz",
          "integrity": "sha512-04m87AcQgAFdvuoyiQ2kgELr2tV8B4fP/xJAVUL3Yb3bkNdMedD3d0rlSQr3PegP0cms3eHjl1F7PWlvWbU8FQ=="
        },
        "@babel/traverse": {
          "version": "7.8.4",
          "resolved": "https://registry.npmjs.org/@babel/traverse/-/traverse-7.8.4.tgz",
          "integrity": "sha512-NGLJPZwnVEyBPLI+bl9y9aSnxMhsKz42so7ApAv9D+b4vAFPpY013FTS9LdKxcABoIYFU52HcYga1pPlx454mg=="
        },
        "@babel/types": {
          "version": "7.8.3",
          "resolved": "https://registry.npmjs.org/@babel/types/-/types-7.8.3.tgz",
          "integrity": "sha512-jBD+G8+LWpMBBWvVcdr4QysjUE4mU/syrhN17o1u3gx0/WzJB1kwiVZAXRtWbsIPOwW8pF/YJV5+nmetPzepXg=="
        },
        "debug": {
          "version": "4.1.1",
          "resolved": "https://registry.npmjs.org/debug/-/debug-4.1.1.tgz",
          "integrity": "sha512-pYAIzeRo8J6KPEaJ0VWOh5Pzkbw/RetuzehGM7QRRX5he4fPHx2rdKMB256ehJCkX+XRQm16eZLqLNS8RSZXZw=="
        },
        "istanbul-lib-coverage": {
          "version": "3.0.0",
          "resolved": "https://registry.npmjs.org/istanbul-lib-coverage/-/istanbul-lib-coverage-3.0.0.tgz",
          "integrity": "sha512-UiUIqxMgRDET6eR+o5HbfRYP1l0hqkWOs7vNxC/mggutCMUIhWMm8gAHb8tHlyfD3/l6rlgNA5cKdDzEAf6hEg=="
        },
        "semver": {
          "version": "6.3.0",
          "resolved": "https://registry.npmjs.org/semver/-/semver-6.3.0.tgz",
          "integrity": "sha512-b39TBaTSfV6yBrapU89p5fKekE2m/NwnDocOVruQFS1/veMgdzuPcnOM34M6CwxW8jH/lxEa5rBoDeUwu5HHTw=="
        },
        "source-map": {
          "version": "0.5.7",
          "resolved": "https://registry.npmjs.org/source-map/-/source-map-0.5.7.tgz",
          "integrity": "sha1-igOdLRAh0i0eoUyA2OpGi6LvP8w="
        }
      }
    },
    "istanbul-middleware": {
      "version": "0.2.2",
      "resolved": "https://registry.npmjs.org/istanbul-middleware/-/istanbul-middleware-0.2.2.tgz",
      "integrity": "sha1-g8TBPBKOGg1qFHeSORrzwVqKuOA="
    },
    "jsdom": {
      "version": "11.12.0",
      "resolved": "https://registry.npmjs.org/jsdom/-/jsdom-11.12.0.tgz",
      "integrity": "sha512-y8Px43oyiBM13Zc1z780FrfNLJCXTL40EWlty/LXUtcjykRBNgLlCjWXpfSPBl2iv+N7koQN+dvqszHZgT/Fjw==",
      "dev": true
    },
    "mocha": {
      "version": "6.1.4",
      "resolved": "https://registry.npmjs.org/mocha/-/mocha-6.1.4.tgz",
      "integrity": "sha512-PN8CIy4RXsIoxoFJzS4QNnCH4psUCPWc4/rPrst/ecSJJbLBkubMiyGCP2Kj/9YnWbotFqAoeXyXMucj7gwCFg==",
      "dev": true
    },
    "nyc": {
      "version": "15.0.1",
      "resolved": "https://registry.npmjs.org/nyc/-/nyc-15.0.1.tgz",
      "integrity": "sha512-n0MBXYBYRqa67IVt62qW1r/d9UH/Qtr7SF1w/nQLJ9KxvWF6b2xCHImRAixHN9tnMMYHC2P14uo6KddNGwMgGg==",
      "dev": true,
      "dependencies": {
        "ansi-regex": {
          "version": "5.0.0",
          "resolved": "https://registry.npmjs.org/ansi-regex/-/ansi-regex-5.0.0.tgz",
          "integrity": "sha512-bY6fj56OUQ0hU1KjFNDQuJFezqKdrAyFdIevADiqrWHwSlbmBNMHp5ak2f40Pm8JTFyM2mqxkG6ngkHO11f/lg=="
        },
        "ansi-styles": {
          "version": "4.2.1",
          "resolved": "https://registry.npmjs.org/ansi-styles/-/ansi-styles-4.2.1.tgz",
          "integrity": "sha512-9VGjrMsG1vePxcSweQsN20KY/c4zN0h9fLjqAbwbPfahM3t+NL+M9HC8xeXG2I8pX5NoamTGNuomEUFI7fcUjA=="
        },
        "cliui": {
          "version": "6.0.0",
          "resolved": "https://registry.npmjs.org/cliui/-/cliui-6.0.0.tgz",
          "integrity": "sha512-t6wbgtoCXvAzst7QgXxJYqPt0usEfbgQdftEPbLL/cvv6HPE5VgvqCuAIDR0NgU52ds6rFwqrgakNLrHEjCbrQ=="
        },
        "color-convert": {
          "version": "2.0.1",
          "resolved": "https://registry.npmjs.org/color-convert/-/color-convert-2.0.1.tgz",
          "integrity": "sha512-RRECPsj7iu/xb5oKYcsFHSppFNnsj/52OVTRKb4zP5onXwVF3zVmmToNcOfGC+CRDpfK/U584fMg38ZHCaElKQ=="
        },
        "color-name": {
          "version": "1.1.4",
          "resolved": "https://registry.npmjs.org/color-name/-/color-name-1.1.4.tgz",
          "integrity": "sha512-dOy+3AuW3a2wNbZHIuMZpTcgjGuLU/uBL/ubcZF9OXbDo8ff4O8yVp5Bf0efS8uEoYo5q4Fx7dY9OgQGXgAsQA=="
        },
        "find-up": {
          "version": "4.1.0",
          "resolved": "https://registry.npmjs.org/find-up/-/find-up-4.1.0.tgz",
          "integrity": "sha512-PpOwAdQ/YlXQ2vj8a3h8IipDuYRi3wceVQQGYWxNINccq40Anw7BlsEXCMbt1Zt+OLA6Fq9suIpIWD0OsnISlw=="
        },
        "glob": {
          "version": "7.1.6",
          "resolved": "https://registry.npmjs.org/glob/-/glob-7.1.6.tgz",
          "integrity": "sha512-LwaxwyZ72Lk7vZINtNNrywX0ZuLyStrdDtabefZKAY5ZGJhVtgdznluResxNmPitE0SAO+O26sWTHeKSI2wMBA=="
        },
        "is-fullwidth-code-point": {
          "version": "3.0.0",
          "resolved": "https://registry.npmjs.org/is-fullwidth-code-point/-/is-fullwidth-code-point-3.0.0.tgz",
          "integrity": "sha512-zymm5+u+sCsSWyD9qNaejV3DFvhCKclKdizYaJUuHA83RLjb7nSuGnddCHGv0hk+KY7BMAlsWeK4Ueg6EV6XQg=="
        },
        "locate-path": {
          "version": "5.0.0",
          "resolved": "https://registry.npmjs.org/locate-path/-/locate-path-5.0.0.tgz",
          "integrity": "sha512-t7hw9pI+WvuwNJXwk5zVHpyhIqzg2qTlklJOf0mVxGSbe3Fp2VieZcduNYjaLDoy6p9uGpQEGWG87WpMKlNq8g=="
        },
        "p-locate": {
          "version": "4.1.0",
          "resolved": "https://registry.npmjs.org/p-locate/-/p-locate-4.1.0.tgz",
          "integrity": "sha512-R79ZZ/0wAxKGu3oYMlz8jy/kbhsNrS7SKZ7PxEHBgJ5+F2mtFW2fK2cOtBh1cHYkQsbzFV7I+EoRKe6Yt0oK7A=="
        },
        "path-exists": {
          "version": "4.0.0",
          "resolved": "https://registry.npmjs.org/path-exists/-/path-exists-4.0.0.tgz",
          "integrity": "sha512-ak9Qy5Q7jYb2Wwcey5Fpvg2KoAc/ZIhLSLOSBmRmygPsGwkVVt0fZa0qrtMz+m6tJTAHfZQ8FnmB4MG4LWy7/w=="
        },
        "string-width": {
          "version": "4.2.0",
          "resolved": "https://registry.npmjs.org/string-width/-/string-width-4.2.0.tgz",
          "integrity": "sha512-zUz5JD+tgqtuDjMhwIg5uFVV3dtqZ9yQJlZVfq4I01/K5Paj5UHj7VyrQOJvzawSVlKpObApbfD0Ed6yJc+1eg=="
        },
        "strip-ansi": {
          "version": "6.0.0",
          "resolved": "https://registry.npmjs.org/strip-ansi/-/strip-ansi-6.0.0.tgz",
          "integrity": "sha512-AuvKTrTfQNYNIctbR1K/YGTR1756GycPsg7b9bdV9Duqur4gv6aKqHXah67Z8ImS7WEz5QVcOtlfW2rZEugt6w=="
        },
        "wrap-ansi": {
          "version": "6.2.0",
          "resolved": "https://registry.npmjs.org/wrap-ansi/-/wrap-ansi-6.2.0.tgz",
          "integrity": "sha512-r6lPcBGxZXlIcymEu7InxDMhdW0KDxpLgoFLcguasxCaJ/SOIZwINatK9KY/tf+ZrlywOKU0UDj3ATXUBfxJXA=="
        },
        "yargs": {
          "version": "15.3.1",
          "resolved": "https://registry.npmjs.org/yargs/-/yargs-15.3.1.tgz",
          "integrity": "sha512-92O1HWEjw27sBfgmXiixJWT5hRBp2eobqXicLtPBIDBhYB+1HpwZlXmbW2luivBJHBzki+7VyCLRtAkScbTBQA=="
        },
        "yargs-parser": {
          "version": "18.1.3",
          "resolved": "https://registry.npmjs.org/yargs-parser/-/yargs-parser-18.1.3.tgz",
          "integrity": "sha512-o50j0JeToy/4K6OZcaQmW6lyXXKhq7csREXcDwk2omFPJEwUNOVtJKvmDr9EI1fAJZUyZcRF7kxGBWmRXudrCQ=="
        }
      }
    },
    "sinon": {
      "version": "9.0.2",
      "resolved": "https://registry.npmjs.org/sinon/-/sinon-9.0.2.tgz",
      "integrity": "sha512-0uF8Q/QHkizNUmbK3LRFqx5cpTttEVXudywY9Uwzy8bTfZUhljZ7ARzSxnRHWYWtVTeh4Cw+tTb3iU21FQVO9A==",
      "dev": true,
      "dependencies": {
        "diff": {
          "version": "4.0.2",
          "resolved": "https://registry.npmjs.org/diff/-/diff-4.0.2.tgz",
          "integrity": "sha512-58lmxKSA4BNyLz+HHMUzlOEpg09FV+ev6ZMe3vJihgdxzgcwZ8VoEEPmALCZG9LmqfVoNMMKpttIYTVG6uDY7A=="
        },
        "has-flag": {
          "version": "4.0.0",
          "resolved": "https://registry.npmjs.org/has-flag/-/has-flag-4.0.0.tgz",
          "integrity": "sha512-EykJT/Q1KjTWctppgIAgfSO0tKVuZUjhgMr17kqTumMl6Afv3EISleU7qZUzoXDFTAHTDC4NOoG/ZxU3EvlMPQ=="
        },
        "supports-color": {
          "version": "7.1.0",
          "resolved": "https://registry.npmjs.org/supports-color/-/supports-color-7.1.0.tgz",
          "integrity": "sha512-oRSIpR8pxT1Wr2FquTNnGet79b3BWljqOuoW/h4oBhxJ/HUbX5nX6JSruTkvXDCFMwDPvsaTTbvMLKZWSy0R5g=="
        }
      }
    },
    "source-map-support": {
      "version": "0.5.12",
      "resolved": "https://registry.npmjs.org/source-map-support/-/source-map-support-0.5.12.tgz",
      "integrity": "sha512-4h2Pbvyy15EE02G+JOZpUCmqWJuqrs+sEkzewTm++BPi7Hvn/HwcqLAcNxYAyI0x13CpPPn+kMjl+hplXMHITQ==",
      "dev": true
    },
    "ts-mock-imports": {
      "version": "1.3.0",
      "resolved": "https://registry.npmjs.org/ts-mock-imports/-/ts-mock-imports-1.3.0.tgz",
      "integrity": "sha512-cCrVcRYsp84eDvPict0ZZD/D7ppQ0/JSx4ve6aEU8DjlsaWRJWV6ADMovp2sCuh6pZcduLFoIYhKTDU2LARo7Q==",
      "dev": true
    },
    "ts-node": {
      "version": "8.3.0",
      "resolved": "https://registry.npmjs.org/ts-node/-/ts-node-8.3.0.tgz",
      "integrity": "sha512-dyNS/RqyVTDcmNM4NIBAeDMpsAdaQ+ojdf0GOLqE6nwJOgzEkdRNzJywhDfwnuvB10oa6NLVG1rUJQCpRN7qoQ==",
      "dev": true,
      "dependencies": {
        "diff": {
          "version": "4.0.1",
          "resolved": "https://registry.npmjs.org/diff/-/diff-4.0.1.tgz",
          "integrity": "sha512-s2+XdvhPCOF01LRQBC8hf4vhbVmI2CGS5aZnxLJlT5FtdhPCDFq80q++zK2KlrVorVDdL5BOGZ/VfLrVtYNF+Q=="
        }
      }
    },
    "typescript": {
      "version": "3.5.3",
      "resolved": "https://registry.npmjs.org/typescript/-/typescript-3.5.3.tgz",
      "integrity": "sha512-ACzBtm/PhXBDId6a6sDJfroT2pOWt/oOnk4/dElG5G33ZL776N3Y6/6bKZJBFpd+b05F3Ct9qDjMeJmRWtE2/g==",
      "dev": true
    }
  }
}
